// !$*UTF8*$!
{
	archiveVersion = 1;
	classes = {
	};
	objectVersion = 56;
	objects = {

/* Begin PBXBuildFile section */
		AA000001 /* KernApp.swift in Sources */ = {isa = PBXBuildFile; fileRef = AB000001 /* KernApp.swift */; };
		AA000002 /* ContentView.swift in Sources */ = {isa = PBXBuildFile; fileRef = AB000002 /* ContentView.swift */; };
		AA000003 /* Aufgabe.swift in Sources */ = {isa = PBXBuildFile; fileRef = AB000003 /* Aufgabe.swift */; };
		AA000004 /* Notiz.swift in Sources */ = {isa = PBXBuildFile; fileRef = AB000004 /* Notiz.swift */; };
		AA000005 /* Flashcard.swift in Sources */ = {isa = PBXBuildFile; fileRef = AB000005 /* Flashcard.swift */; };
		AA000006 /* Lernset.swift in Sources */ = {isa = PBXBuildFile; fileRef = AB000006 /* Lernset.swift */; };
		AA000007 /* GesundheitsEintrag.swift in Sources */ = {isa = PBXBuildFile; fileRef = AB000007 /* GesundheitsEintrag.swift */; };
		AA000008 /* Kontakt.swift in Sources */ = {isa = PBXBuildFile; fileRef = AB000008 /* Kontakt.swift */; };
		AA000009 /* AufgabenView.swift in Sources */ = {isa = PBXBuildFile; fileRef = AB000009 /* AufgabenView.swift */; };
		AA000010 /* NotizenView.swift in Sources */ = {isa = PBXBuildFile; fileRef = AB000010 /* NotizenView.swift */; };
		AA000011 /* LernenView.swift in Sources */ = {isa = PBXBuildFile; fileRef = AB000011 /* LernenView.swift */; };
		AA000012 /* GesundheitView.swift in Sources */ = {isa = PBXBuildFile; fileRef = AB000012 /* GesundheitView.swift */; };
		AA000013 /* KontextView.swift in Sources */ = {isa = PBXBuildFile; fileRef = AB000013 /* KontextView.swift */; };
		AA000014 /* Assets.xcassets in Resources */ = {isa = PBXBuildFile; fileRef = AB000014 /* Assets.xcassets */; };
		AA000015 /* AufgabenViewModel.swift in Sources */ = {isa = PBXBuildFile; fileRef = AB000015 /* AufgabenViewModel.swift */; };
		AA000016 /* AufgabeZeileView.swift in Sources */ = {isa = PBXBuildFile; fileRef = AB000016 /* AufgabeZeileView.swift */; };
		AA000017 /* AufgabeFormularView.swift in Sources */ = {isa = PBXBuildFile; fileRef = AB000017 /* AufgabeFormularView.swift */; };
		AA000018 /* TimerView.swift in Sources */ = {isa = PBXBuildFile; fileRef = AB000018 /* TimerView.swift */; };
		AA000019 /* EinkaufslisteView.swift in Sources */ = {isa = PBXBuildFile; fileRef = AB000019 /* EinkaufslisteView.swift */; };
		AA000020 /* EisenhowerView.swift in Sources */ = {isa = PBXBuildFile; fileRef = AB000020 /* EisenhowerView.swift */; };
		AA000021 /* FokusModus.swift in Sources */ = {isa = PBXBuildFile; fileRef = AB000021 /* FokusModus.swift */; };
		AA000022 /* WochenreviewView.swift in Sources */ = {isa = PBXBuildFile; fileRef = AB000022 /* WochenreviewView.swift */; };
		AA000023 /* NotizenViewModel.swift in Sources */ = {isa = PBXBuildFile; fileRef = AB000023 /* NotizenViewModel.swift */; };
		AA000024 /* NotizEditorView.swift in Sources */ = {isa = PBXBuildFile; fileRef = AB000024 /* NotizEditorView.swift */; };
		AA000025 /* NotizDetailView.swift in Sources */ = {isa = PBXBuildFile; fileRef = AB000025 /* NotizDetailView.swift */; };
		AA000026 /* SprachNotizView.swift in Sources */ = {isa = PBXBuildFile; fileRef = AB000026 /* SprachNotizView.swift */; };
		AA000027 /* ZeichenView.swift in Sources */ = {isa = PBXBuildFile; fileRef = AB000027 /* ZeichenView.swift */; };
		AA000028 /* VerschluesseltView.swift in Sources */ = {isa = PBXBuildFile; fileRef = AB000028 /* VerschluesseltView.swift */; };
		AA000029 /* SM2Algorithmus.swift in Sources */ = {isa = PBXBuildFile; fileRef = AB000029 /* SM2Algorithmus.swift */; };
		AA000030 /* LernsetDetailView.swift in Sources */ = {isa = PBXBuildFile; fileRef = AB000030 /* LernsetDetailView.swift */; };
		AA000031 /* FlashcardFormularView.swift in Sources */ = {isa = PBXBuildFile; fileRef = AB000031 /* FlashcardFormularView.swift */; };
		AA000032 /* FlashcardLernView.swift in Sources */ = {isa = PBXBuildFile; fileRef = AB000032 /* FlashcardLernView.swift */; };
		AA000033 /* LernstreakView.swift in Sources */ = {isa = PBXBuildFile; fileRef = AB000033 /* LernstreakView.swift */; };
		AA000034 /* GesundheitEintragFormular.swift in Sources */ = {isa = PBXBuildFile; fileRef = AB000034 /* GesundheitEintragFormular.swift */; };
		AA000035 /* AtemuebungView.swift in Sources */ = {isa = PBXBuildFile; fileRef = AB000035 /* AtemuebungView.swift */; };
		AA000036 /* KontaktFormularView.swift in Sources */ = {isa = PBXBuildFile; fileRef = AB000036 /* KontaktFormularView.swift */; };
		AA000037 /* SonnenzeitenView.swift in Sources */ = {isa = PBXBuildFile; fileRef = AB000037 /* SonnenzeitenView.swift */; };
		AA000038 /* DatenExport.swift in Sources */ = {isa = PBXBuildFile; fileRef = AB000038 /* DatenExport.swift */; };
		AA000039 /* EinstellungenView.swift in Sources */ = {isa = PBXBuildFile; fileRef = AB000039 /* EinstellungenView.swift */; };
/* End PBXBuildFile section */

/* Begin PBXFileReference section */
		AB000001 /* KernApp.swift */ = {isa = PBXFileReference; lastKnownFileType = sourcecode.swift; path = KernApp.swift; sourceTree = "<group>"; };
		AB000002 /* ContentView.swift */ = {isa = PBXFileReference; lastKnownFileType = sourcecode.swift; path = ContentView.swift; sourceTree = "<group>"; };
		AB000003 /* Aufgabe.swift */ = {isa = PBXFileReference; lastKnownFileType = sourcecode.swift; path = Aufgabe.swift; sourceTree = "<group>"; };
		AB000004 /* Notiz.swift */ = {isa = PBXFileReference; lastKnownFileType = sourcecode.swift; path = Notiz.swift; sourceTree = "<group>"; };
		AB000005 /* Flashcard.swift */ = {isa = PBXFileReference; lastKnownFileType = sourcecode.swift; path = Flashcard.swift; sourceTree = "<group>"; };
		AB000006 /* Lernset.swift */ = {isa = PBXFileReference; lastKnownFileType = sourcecode.swift; path = Lernset.swift; sourceTree = "<group>"; };
		AB000007 /* GesundheitsEintrag.swift */ = {isa = PBXFileReference; lastKnownFileType = sourcecode.swift; path = GesundheitsEintrag.swift; sourceTree = "<group>"; };
		AB000008 /* Kontakt.swift */ = {isa = PBXFileReference; lastKnownFileType = sourcecode.swift; path = Kontakt.swift; sourceTree = "<group>"; };
		AB000009 /* AufgabenView.swift */ = {isa = PBXFileReference; lastKnownFileType = sourcecode.swift; path = AufgabenView.swift; sourceTree = "<group>"; };
		AB000010 /* NotizenView.swift */ = {isa = PBXFileReference; lastKnownFileType = sourcecode.swift; path = NotizenView.swift; sourceTree = "<group>"; };
		AB000011 /* LernenView.swift */ = {isa = PBXFileReference; lastKnownFileType = sourcecode.swift; path = LernenView.swift; sourceTree = "<group>"; };
		AB000012 /* GesundheitView.swift */ = {isa = PBXFileReference; lastKnownFileType = sourcecode.swift; path = GesundheitView.swift; sourceTree = "<group>"; };
		AB000013 /* KontextView.swift */ = {isa = PBXFileReference; lastKnownFileType = sourcecode.swift; path = KontextView.swift; sourceTree = "<group>"; };
		AB000014 /* Assets.xcassets */ = {isa = PBXFileReference; lastKnownFileType = folder.assetcatalog; path = Assets.xcassets; sourceTree = "<group>"; };
		AB000015 /* AufgabenViewModel.swift */ = {isa = PBXFileReference; lastKnownFileType = sourcecode.swift; path = AufgabenViewModel.swift; sourceTree = "<group>"; };
		AB000016 /* AufgabeZeileView.swift */ = {isa = PBXFileReference; lastKnownFileType = sourcecode.swift; path = AufgabeZeileView.swift; sourceTree = "<group>"; };
		AB000017 /* AufgabeFormularView.swift */ = {isa = PBXFileReference; lastKnownFileType = sourcecode.swift; path = AufgabeFormularView.swift; sourceTree = "<group>"; };
		AB000018 /* TimerView.swift */ = {isa = PBXFileReference; lastKnownFileType = sourcecode.swift; path = TimerView.swift; sourceTree = "<group>"; };
		AB000019 /* EinkaufslisteView.swift */ = {isa = PBXFileReference; lastKnownFileType = sourcecode.swift; path = EinkaufslisteView.swift; sourceTree = "<group>"; };
		AB000020 /* EisenhowerView.swift */ = {isa = PBXFileReference; lastKnownFileType = sourcecode.swift; path = EisenhowerView.swift; sourceTree = "<group>"; };
		AB000021 /* FokusModus.swift */ = {isa = PBXFileReference; lastKnownFileType = sourcecode.swift; path = FokusModus.swift; sourceTree = "<group>"; };
		AB000022 /* WochenreviewView.swift */ = {isa = PBXFileReference; lastKnownFileType = sourcecode.swift; path = WochenreviewView.swift; sourceTree = "<group>"; };
		AB000023 /* NotizenViewModel.swift */ = {isa = PBXFileReference; lastKnownFileType = sourcecode.swift; path = NotizenViewModel.swift; sourceTree = "<group>"; };
		AB000024 /* NotizEditorView.swift */ = {isa = PBXFileReference; lastKnownFileType = sourcecode.swift; path = NotizEditorView.swift; sourceTree = "<group>"; };
		AB000025 /* NotizDetailView.swift */ = {isa = PBXFileReference; lastKnownFileType = sourcecode.swift; path = NotizDetailView.swift; sourceTree = "<group>"; };
		AB000026 /* SprachNotizView.swift */ = {isa = PBXFileReference; lastKnownFileType = sourcecode.swift; path = SprachNotizView.swift; sourceTree = "<group>"; };
		AB000027 /* ZeichenView.swift */ = {isa = PBXFileReference; lastKnownFileType = sourcecode.swift; path = ZeichenView.swift; sourceTree = "<group>"; };
		AB000028 /* VerschluesseltView.swift */ = {isa = PBXFileReference; lastKnownFileType = sourcecode.swift; path = VerschluesseltView.swift; sourceTree = "<group>"; };
		AB000029 /* SM2Algorithmus.swift */ = {isa = PBXFileReference; lastKnownFileType = sourcecode.swift; path = SM2Algorithmus.swift; sourceTree = "<group>"; };
		AB000030 /* LernsetDetailView.swift */ = {isa = PBXFileReference; lastKnownFileType = sourcecode.swift; path = LernsetDetailView.swift; sourceTree = "<group>"; };
		AB000031 /* FlashcardFormularView.swift */ = {isa = PBXFileReference; lastKnownFileType = sourcecode.swift; path = FlashcardFormularView.swift; sourceTree = "<group>"; };
		AB000032 /* FlashcardLernView.swift */ = {isa = PBXFileReference; lastKnownFileType = sourcecode.swift; path = FlashcardLernView.swift; sourceTree = "<group>"; };
		AB000033 /* LernstreakView.swift */ = {isa = PBXFileReference; lastKnownFileType = sourcecode.swift; path = LernstreakView.swift; sourceTree = "<group>"; };
		AB000034 /* GesundheitEintragFormular.swift */ = {isa = PBXFileReference; lastKnownFileType = sourcecode.swift; path = GesundheitEintragFormular.swift; sourceTree = "<group>"; };
		AB000035 /* AtemuebungView.swift */ = {isa = PBXFileReference; lastKnownFileType = sourcecode.swift; path = AtemuebungView.swift; sourceTree = "<group>"; };
		AB000036 /* KontaktFormularView.swift */ = {isa = PBXFileReference; lastKnownFileType = sourcecode.swift; path = KontaktFormularView.swift; sourceTree = "<group>"; };
		AB000037 /* SonnenzeitenView.swift */ = {isa = PBXFileReference; lastKnownFileType = sourcecode.swift; path = SonnenzeitenView.swift; sourceTree = "<group>"; };
		AB000038 /* DatenExport.swift */ = {isa = PBXFileReference; lastKnownFileType = sourcecode.swift; path = DatenExport.swift; sourceTree = "<group>"; };
		AB000039 /* EinstellungenView.swift */ = {isa = PBXFileReference; lastKnownFileType = sourcecode.swift; path = EinstellungenView.swift; sourceTree = "<group>"; };
		AC000001 /* Kern.app */ = {isa = PBXFileReference; explicitFileType = wrapper.application; includeInIndex = 0; path = Kern.app; sourceTree = BUILT_PRODUCTS_DIR; };
/* End PBXFileReference section */

/* Begin PBXFrameworksBuildPhase section */
		AD000001 /* Frameworks */ = {
			isa = PBXFrameworksBuildPhase;
			buildActionMask = 2147483647;
			files = (
			);
			runOnlyForDeploymentPostprocessing = 0;
		};
/* End PBXFrameworksBuildPhase section */

/* Begin PBXGroup section */
		AE000001 = {
			isa = PBXGroup;
			children = (
				AE000002 /* Kern */,
				AE000010 /* Products */,
			);
			sourceTree = "<group>";
		};
		AE000002 /* Kern */ = {
			isa = PBXGroup;
			children = (
				AB000001 /* KernApp.swift */,
				AB000002 /* ContentView.swift */,
				AE000003 /* Models */,
				AE000004 /* Bereiche */,
				AE000009 /* Shared */,
				AE000015 /* Resources */,
			);
			path = Kern;
			sourceTree = "<group>";
		};
		AE000003 /* Models */ = {
			isa = PBXGroup;
			children = (
				AB000003 /* Aufgabe.swift */,
				AB000004 /* Notiz.swift */,
				AB000005 /* Flashcard.swift */,
				AB000006 /* Lernset.swift */,
				AB000007 /* GesundheitsEintrag.swift */,
				AB000008 /* Kontakt.swift */,
			);
			path = Models;
			sourceTree = "<group>";
		};
		AE000004 /* Bereiche */ = {
			isa = PBXGroup;
			children = (
				AE000005 /* Aufgaben */,
				AE000006 /* Notizen */,
				AE000007 /* Lernen */,
				AE000008 /* Gesundheit */,
				AE000014 /* Kontext */,
			);
			path = Bereiche;
			sourceTree = "<group>";
		};
		AE000005 /* Aufgaben */ = {
			isa = PBXGroup;
			children = (
				AB000009 /* AufgabenView.swift */,
				AB000015 /* AufgabenViewModel.swift */,
				AB000016 /* AufgabeZeileView.swift */,
				AB000017 /* AufgabeFormularView.swift */,
				AB000018 /* TimerView.swift */,
				AB000019 /* EinkaufslisteView.swift */,
				AB000020 /* EisenhowerView.swift */,
				AB000021 /* FokusModus.swift */,
				AB000022 /* WochenreviewView.swift */,
			);
			path = Aufgaben;
			sourceTree = "<group>";
		};
		AE000006 /* Notizen */ = {
			isa = PBXGroup;
			children = (
				AB000010 /* NotizenView.swift */,
				AB000023 /* NotizenViewModel.swift */,
				AB000024 /* NotizEditorView.swift */,
				AB000025 /* NotizDetailView.swift */,
				AB000026 /* SprachNotizView.swift */,
				AB000027 /* ZeichenView.swift */,
				AB000028 /* VerschluesseltView.swift */,
			);
			path = Notizen;
			sourceTree = "<group>";
		};
		AE000007 /* Lernen */ = {
			isa = PBXGroup;
			children = (
				AB000011 /* LernenView.swift */,
				AB000029 /* SM2Algorithmus.swift */,
				AB000030 /* LernsetDetailView.swift */,
				AB000031 /* FlashcardFormularView.swift */,
				AB000032 /* FlashcardLernView.swift */,
				AB000033 /* LernstreakView.swift */,
			);
			path = Lernen;
			sourceTree = "<group>";
		};
		AE000008 /* Gesundheit */ = {
			isa = PBXGroup;
			children = (
				AB000012 /* GesundheitView.swift */,
				AB000034 /* GesundheitEintragFormular.swift */,
				AB000035 /* AtemuebungView.swift */,
			);
			path = Gesundheit;
			sourceTree = "<group>";
		};
		AE000009 /* Shared */ = {
			isa = PBXGroup;
			children = (
				AE000011 /* Components */,
				AE000012 /* Extensions */,
				AE000013 /* Utilities */,
			);
			path = Shared;
			sourceTree = "<group>";
		};
		AE000010 /* Products */ = {
			isa = PBXGroup;
			children = (
				AC000001 /* Kern.app */,
			);
			name = Products;
			sourceTree = "<group>";
		};
		AE000011 /* Components */ = {
			isa = PBXGroup;
			children = (
			);
			path = Components;
			sourceTree = "<group>";
		};
		AE000012 /* Extensions */ = {
			isa = PBXGroup;
			children = (
			);
			path = Extensions;
			sourceTree = "<group>";
		};
		AE000013 /* Utilities */ = {
			isa = PBXGroup;
			children = (
				AB000038 /* DatenExport.swift */,
				AB000039 /* EinstellungenView.swift */,
			);
			path = Utilities;
			sourceTree = "<group>";
		};
		AE000014 /* Kontext */ = {
			isa = PBXGroup;
			children = (
				AB000013 /* KontextView.swift */,
				AB000036 /* KontaktFormularView.swift */,
				AB000037 /* SonnenzeitenView.swift */,
			);
			path = Kontext;
			sourceTree = "<group>";
		};
		AE000015 /* Resources */ = {
			isa = PBXGroup;
			children = (
				AB000014 /* Assets.xcassets */,
			);
			path = Resources;
			sourceTree = "<group>";
		};
/* End PBXGroup section */

/* Begin PBXNativeTarget section */
		AF000001 /* Kern */ = {
			isa = PBXNativeTarget;
			buildConfigurationList = B1000001 /* Build configuration list for PBXNativeTarget "Kern" */;
			buildPhases = (
				AF000002 /* Sources */,
				AD000001 /* Frameworks */,
				AF000003 /* Resources */,
			);
			buildRules = (
			);
			dependencies = (
			);
			name = Kern;
			productName = Kern;
			productReference = AC000001 /* Kern.app */;
			productType = "com.apple.product-type.application";
		};
/* End PBXNativeTarget section */

/* Begin PBXProject section */
		B0000001 /* Project object */ = {
			isa = PBXProject;
			attributes = {
				BuildIndependentTargetsInParallel = 1;
				LastSwiftUpdateCheck = 1540;
				LastUpgradeCheck = 1540;
				TargetAttributes = {
					AF000001 = {
						CreatedOnToolsVersion = 15.4;
					};
				};
			};
			buildConfigurationList = B1000003 /* Build configuration list for PBXProject "Kern" */;
			compatibilityVersion = "Xcode 14.0";
			developmentRegion = de;
			hasScannedForEncodings = 0;
			knownRegions = (
				de,
				Base,
			);
			mainGroup = AE000001;
			productRefGroup = AE000010 /* Products */;
			projectDirPath = "";
			projectRoot = "";
			targets = (
				AF000001 /* Kern */,
			);
		};
/* End PBXProject section */

/* Begin PBXResourcesBuildPhase section */
		AF000003 /* Resources */ = {
			isa = PBXResourcesBuildPhase;
			buildActionMask = 2147483647;
			files = (
				AA000014 /* Assets.xcassets in Resources */,
			);
			runOnlyForDeploymentPostprocessing = 0;
		};
/* End PBXResourcesBuildPhase section */

/* Begin PBXSourcesBuildPhase section */
		AF000002 /* Sources */ = {
			isa = PBXSourcesBuildPhase;
			buildActionMask = 2147483647;
			files = (
				AA000001 /* KernApp.swift in Sources */,
				AA000002 /* ContentView.swift in Sources */,
				AA000003 /* Aufgabe.swift in Sources */,
				AA000004 /* Notiz.swift in Sources */,
				AA000005 /* Flashcard.swift in Sources */,
				AA000006 /* Lernset.swift in Sources */,
				AA000007 /* GesundheitsEintrag.swift in Sources */,
				AA000008 /* Kontakt.swift in Sources */,
				AA000009 /* AufgabenView.swift in Sources */,
				AA000010 /* NotizenView.swift in Sources */,
				AA000011 /* LernenView.swift in Sources */,
				AA000012 /* GesundheitView.swift in Sources */,
				AA000013 /* KontextView.swift in Sources */,
				AA000015 /* AufgabenViewModel.swift in Sources */,
				AA000016 /* AufgabeZeileView.swift in Sources */,
				AA000017 /* AufgabeFormularView.swift in Sources */,
				AA000018 /* TimerView.swift in Sources */,
				AA000019 /* EinkaufslisteView.swift in Sources */,
				AA000020 /* EisenhowerView.swift in Sources */,
				AA000021 /* FokusModus.swift in Sources */,
				AA000022 /* WochenreviewView.swift in Sources */,
				AA000023 /* NotizenViewModel.swift in Sources */,
				AA000024 /* NotizEditorView.swift in Sources */,
				AA000025 /* NotizDetailView.swift in Sources */,
				AA000026 /* SprachNotizView.swift in Sources */,
				AA000027 /* ZeichenView.swift in Sources */,
				AA000028 /* VerschluesseltView.swift in Sources */,
				AA000029 /* SM2Algorithmus.swift in Sources */,
				AA000030 /* LernsetDetailView.swift in Sources */,
				AA000031 /* FlashcardFormularView.swift in Sources */,
				AA000032 /* FlashcardLernView.swift in Sources */,
				AA000033 /* LernstreakView.swift in Sources */,
				AA000034 /* GesundheitEintragFormular.swift in Sources */,
				AA000035 /* AtemuebungView.swift in Sources */,
				AA000036 /* KontaktFormularView.swift in Sources */,
				AA000037 /* SonnenzeitenView.swift in Sources */,
				AA000038 /* DatenExport.swift in Sources */,
				AA000039 /* EinstellungenView.swift in Sources */,
			);
			runOnlyForDeploymentPostprocessing = 0;
		};
/* End PBXSourcesBuildPhase section */

/* Begin XCBuildConfiguration section */
		B2000001 /* Debug */ = {
			isa = XCBuildConfiguration;
			buildSettings = {
				ALWAYS_SEARCH_USER_PATHS = NO;
				ASSETCATALOG_COMPILER_GENERATE_SWIFT_ASSET_SYMBOL_EXTENSIONS = YES;
				CLANG_ANALYZER_NONNULL = YES;
				CLANG_ANALYZER_NUMBER_OBJECT_CONVERSION = YES_AGGRESSIVE;
				CLANG_CXX_LANGUAGE_STANDARD = "gnu++20";
				CLANG_ENABLE_MODULES = YES;
				CLANG_ENABLE_OBJC_ARC = YES;
				CLANG_ENABLE_OBJC_WEAK = YES;
				CLANG_WARN_BLOCK_CAPTURE_AUTORELEASING = YES;
				CLANG_WARN_BOOL_CONVERSION = YES;
				CLANG_WARN_COMMA = YES;
				CLANG_WARN_CONSTANT_CONVERSION = YES;
				CLANG_WARN_DEPRECATED_OBJC_IMPLEMENTATIONS = YES;
				CLANG_WARN_DIRECT_OBJC_ISA_USAGE = YES_ERROR;
				CLANG_WARN_DOCUMENTATION_COMMENTS = YES;
				CLANG_WARN_EMPTY_BODY = YES;
				CLANG_WARN_ENUM_CONVERSION = YES;
				CLANG_WARN_INFINITE_RECURSION = YES;
				CLANG_WARN_INT_CONVERSION = YES;
				CLANG_WARN_NON_LITERAL_NULL_CONVERSION = YES;
				CLANG_WARN_OBJC_IMPLICIT_RETAIN_SELF = YES;
				CLANG_WARN_OBJC_LITERAL_CONVERSION = YES;
				CLANG_WARN_OBJC_ROOT_CLASS = YES_ERROR;
				CLANG_WARN_QUOTED_INCLUDE_IN_FRAMEWORK_HEADER = YES;
				CLANG_WARN_RANGE_LOOP_ANALYSIS = YES;
				CLANG_WARN_STRICT_PROTOTYPES = YES;
				CLANG_WARN_SUSPICIOUS_MOVE = YES;
				CLANG_WARN_UNGUARDED_AVAILABILITY = YES_AGGRESSIVE;
				CLANG_WARN_UNREACHABLE_CODE = YES;
				CLANG_WARN__DUPLICATE_METHOD_MATCH = YES;
				COPY_PHASE_STRIP = NO;
				DEBUG_INFORMATION_FORMAT = dwarf;
				ENABLE_STRICT_OBJC_MSGSEND = YES;
				ENABLE_TESTABILITY = YES;
				ENABLE_USER_SCRIPT_SANDBOXING = YES;
				GCC_C_LANGUAGE_STANDARD = gnu17;
				GCC_DYNAMIC_NO_PIC = NO;
				GCC_NO_COMMON_BLOCKS = YES;
				GCC_OPTIMIZATION_LEVEL = 0;
				GCC_PREPROCESSOR_DEFINITIONS = (
					"DEBUG=1",
					"$(inherited)",
				);
				GCC_WARN_64_TO_32_BIT_CONVERSION = YES;
				GCC_WARN_ABOUT_RETURN_TYPE = YES_ERROR;
				GCC_WARN_UNDECLARED_SELECTOR = YES;
				GCC_WARN_UNINITIALIZED_AUTOS = YES_AGGRESSIVE;
				GCC_WARN_UNUSED_FUNCTION = YES;
				GCC_WARN_UNUSED_VARIABLE = YES;
				IPHONEOS_DEPLOYMENT_TARGET = 17.0;
				MTL_ENABLE_DEBUG_INFO = INCLUDE_SOURCE;
				MTL_FAST_MATH = YES;
				ONLY_ACTIVE_ARCH = YES;
				SDKROOT = iphoneos;
				SWIFT_ACTIVE_COMPILATION_CONDITIONS = "DEBUG $(inherited)";
				SWIFT_OPTIMIZATION_LEVEL = "-Onone";
			};
			name = Debug;
		};
		B2000002 /* Release */ = {
			isa = XCBuildConfiguration;
			buildSettings = {
				ALWAYS_SEARCH_USER_PATHS = NO;
				ASSETCATALOG_COMPILER_GENERATE_SWIFT_ASSET_SYMBOL_EXTENSIONS = YES;
				CLANG_ANALYZER_NONNULL = YES;
				CLANG_ANALYZER_NUMBER_OBJECT_CONVERSION = YES_AGGRESSIVE;
				CLANG_CXX_LANGUAGE_STANDARD = "gnu++20";
				CLANG_ENABLE_MODULES = YES;
				CLANG_ENABLE_OBJC_ARC = YES;
				CLANG_ENABLE_OBJC_WEAK = YES;
				CLANG_WARN_BLOCK_CAPTURE_AUTORELEASING = YES;
				CLANG_WARN_BOOL_CONVERSION = YES;
				CLANG_WARN_COMMA = YES;
				CLANG_WARN_CONSTANT_CONVERSION = YES;
				CLANG_WARN_DEPRECATED_OBJC_IMPLEMENTATIONS = YES;
				CLANG_WARN_DIRECT_OBJC_ISA_USAGE = YES_ERROR;
				CLANG_WARN_DOCUMENTATION_COMMENTS = YES;
				CLANG_WARN_EMPTY_BODY = YES;
				CLANG_WARN_ENUM_CONVERSION = YES;
				CLANG_WARN_INFINITE_RECURSION = YES;
				CLANG_WARN_INT_CONVERSION = YES;
				CLANG_WARN_NON_LITERAL_NULL_CONVERSION = YES;
				CLANG_WARN_OBJC_IMPLICIT_RETAIN_SELF = YES;
				CLANG_WARN_OBJC_LITERAL_CONVERSION = YES;
				CLANG_WARN_OBJC_ROOT_CLASS = YES_ERROR;
				CLANG_WARN_QUOTED_INCLUDE_IN_FRAMEWORK_HEADER = YES;
				CLANG_WARN_RANGE_LOOP_ANALYSIS = YES;
				CLANG_WARN_STRICT_PROTOTYPES = YES;
				CLANG_WARN_SUSPICIOUS_MOVE = YES;
				CLANG_WARN_UNGUARDED_AVAILABILITY = YES_AGGRESSIVE;
				CLANG_WARN_UNREACHABLE_CODE = YES;
				CLANG_WARN__DUPLICATE_METHOD_MATCH = YES;
				COPY_PHASE_STRIP = NO;
				DEBUG_INFORMATION_FORMAT = "dwarf-with-dsym";
				ENABLE_NS_ASSERTIONS = NO;
				ENABLE_STRICT_OBJC_MSGSEND = YES;
				ENABLE_USER_SCRIPT_SANDBOXING = YES;
				GCC_C_LANGUAGE_STANDARD = gnu17;
				GCC_NO_COMMON_BLOCKS = YES;
				GCC_WARN_64_TO_32_BIT_CONVERSION = YES;
				GCC_WARN_ABOUT_RETURN_TYPE = YES_ERROR;
				GCC_WARN_UNDECLARED_SELECTOR = YES;
				GCC_WARN_UNINITIALIZED_AUTOS = YES_AGGRESSIVE;
				GCC_WARN_UNUSED_FUNCTION = YES;
				GCC_WARN_UNUSED_VARIABLE = YES;
				IPHONEOS_DEPLOYMENT_TARGET = 17.0;
				MTL_ENABLE_DEBUG_INFO = NO;
				MTL_FAST_MATH = YES;
				SDKROOT = iphoneos;
				SWIFT_COMPILATION_MODE = wholemodule;
				VALIDATE_PRODUCT = YES;
			};
			name = Release;
		};
		B2000003 /* Debug */ = {
			isa = XCBuildConfiguration;
			buildSettings = {
				ASSETCATALOG_COMPILER_APPICON_NAME = AppIcon;
				ASSETCATALOG_COMPILER_GLOBAL_ACCENT_COLOR_NAME = AccentColor;
				CODE_SIGN_STYLE = Automatic;
				CURRENT_PROJECT_VERSION = 1;
				DEVELOPMENT_ASSET_PATHS = "";
				DEVELOPMENT_TEAM = MT2CRR74DU;
				ENABLE_PREVIEWS = YES;
				GENERATE_INFOPLIST_FILE = YES;
				INFOPLIST_KEY_CFBundleDisplayName = Kern;
				INFOPLIST_KEY_UIApplicationSceneManifest_Generation = YES;
				INFOPLIST_KEY_UIApplicationSupportsIndirectInputEvents = YES;
				INFOPLIST_KEY_UILaunchScreen_Generation = YES;
				INFOPLIST_KEY_UISupportedInterfaceOrientations_iPhone = UIInterfaceOrientationPortrait;
				LD_RUNPATH_SEARCH_PATHS = (
					"$(inherited)",
					"@executable_path/Frameworks",
				);
				MARKETING_VERSION = 1.0;
				PRODUCT_BUNDLE_IDENTIFIER = de.michael.Kern;
				PRODUCT_NAME = "$(TARGET_NAME)";
				SUPPORTED_PLATFORMS = "iphoneos iphonesimulator";
				SUPPORTS_MACCATALYST = NO;
				SWIFT_EMIT_LOC_STRINGS = YES;
				SWIFT_VERSION = 5.0;
				TARGETED_DEVICE_FAMILY = 1;
			};
			name = Debug;
		};
		B2000004 /* Release */ = {
			isa = XCBuildConfiguration;
			buildSettings = {
				ASSETCATALOG_COMPILER_APPICON_NAME = AppIcon;
				ASSETCATALOG_COMPILER_GLOBAL_ACCENT_COLOR_NAME = AccentColor;
				CODE_SIGN_STYLE = Automatic;
				CURRENT_PROJECT_VERSION = 1;
				DEVELOPMENT_ASSET_PATHS = "";
				DEVELOPMENT_TEAM = MT2CRR74DU;
				ENABLE_PREVIEWS = YES;
				GENERATE_INFOPLIST_FILE = YES;
				INFOPLIST_KEY_CFBundleDisplayName = Kern;
				INFOPLIST_KEY_UIApplicationSceneManifest_Generation = YES;
				INFOPLIST_KEY_UIApplicationSupportsIndirectInputEvents = YES;
				INFOPLIST_KEY_UILaunchScreen_Generation = YES;
				INFOPLIST_KEY_UISupportedInterfaceOrientations_iPhone = UIInterfaceOrientationPortrait;
				LD_RUNPATH_SEARCH_PATHS = (
					"$(inherited)",
					"@executable_path/Frameworks",
				);
				MARKETING_VERSION = 1.0;
				PRODUCT_BUNDLE_IDENTIFIER = de.michael.Kern;
				PRODUCT_NAME = "$(TARGET_NAME)";
				SUPPORTED_PLATFORMS = "iphoneos iphonesimulator";
				SUPPORTS_MACCATALYST = NO;
				SWIFT_EMIT_LOC_STRINGS = YES;
				SWIFT_VERSION = 5.0;
				TARGETED_DEVICE_FAMILY = 1;
			};
			name = Release;
		};
/* End XCBuildConfiguration section */

/* Begin XCConfigurationList section */
		B1000001 /* Build configuration list for PBXNativeTarget "Kern" */ = {
			isa = XCConfigurationList;
			buildConfigurations = (
				B2000003 /* Debug */,
				B2000004 /* Release */,
			);
			defaultConfigurationIsVisible = 0;
			defaultConfigurationName = Release;
		};
		B1000003 /* Build configuration list for PBXProject "Kern" */ = {
			isa = XCConfigurationList;
			buildConfigurations = (
				B2000001 /* Debug */,
				B2000002 /* Release */,
			);
			defaultConfigurationIsVisible = 0;
			defaultConfigurationName = Release;
		};
/* End XCConfigurationList section */
	};
	rootObject = B0000001 /* Project object */;
}
